
Microsoft Visual Studio Solution File, Format Version 12.00
# Visual Studio 2013
VisualStudioVersion = 12.0.21005.1
MinimumVisualStudioVersion = 10.0.40219.1
Project("{FAE04EC0-301F-11D3-BF4B-00C04F79EFBC}") = "AngularJsMvcGrid", "AngularJsMvcGrid\AngularJsMvcGrid.csproj", "{427DD5F9-763C-4FC5-AA32-86CB48229A82}"
EndProject
Global
	GlobalSection(SolutionConfigurationPlatforms) = preSolution
		Debug|Any CPU = Debug|Any CPU
		Release|Any CPU = Release|Any CPU
	EndGlobalSection
	GlobalSection(ProjectConfigurationPlatforms) = postSolution
		{427DD5F9-763C-4FC5-AA32-86CB48229A82}.Debug|Any CPU.ActiveCfg = Debug|Any CPU
		{427DD5F9-763C-4FC5-AA32-86CB48229A82}.Debug|Any CPU.Build.0 = Debug|Any CPU
		{427DD5F9-763C-4FC5-AA32-86CB48229A82}.Release|Any CPU.ActiveCfg = Release|Any CPU
		{427DD5F9-763C-4FC5-AA32-86CB48229A82}.Release|Any CPU.Build.0 = Release|Any CPU
	EndGlobalSection
	GlobalSection(SolutionProperties) = preSolution
		HideSolutionNode = FALSE
	EndGlobalSection
EndGlobal
